{
    "version": "0.5",
    "requires": [
        "zlib/1.3.2#1cb806da49011867778ffb6ac7190fcb%1777558780.503",
        "yaml-cpp/0.8.0#1aa371213f0307605d88ad5445581aff%1773246038.815",
        "pybind11/2.13.6#42746850cd4c68d1b1ea42de456c2182%1755673714.548",
        "protobuf/3.21.12#f4b3baecdc1169c9db2a96e395ca5462%1772206664.866",
        "gtest/1.15.0#9eba70e54373fb7325151ad3375934a1%1743410805.366",
        "glog/0.6.0#e6f2732705fb292fef07bf6ca73d49f8%1776943288.608",
        "fmt/10.2.1#15db2a3ea0646365bf05a6f50369ac59%1785754570.436",
        "eigen/3.4.0#a95b834c9459d8b8cb6dba6426ca0409%1782832372.36"
    ],
    "build_requires": [
        "zlib/1.3.2#1cb806da49011867778ffb6ac7190fcb%1777558780.503",
        "protobuf/3.21.12#f4b3baecdc1169c9db2a96e395ca5462%1772206664.866",
        "cmake/3.31.12#173a926abc2b77f03c826b6fd6539426%1779785723.158"
    ],
    "python_requires": [],
    "config_requires": []
}
